
Microsoft Visual Studio Solution File, Format Version 12.00
# Visual Studio Version 17
VisualStudioVersion = 17.8.34322.80
MinimumVisualStudioVersion = 10.0.40219.1
Project("{FAE04EC0-301F-11D3-BF4B-00C04F79EFBC}") = "ProductHW", "ProductHW\ProductHW.csproj", "{8FC7F71E-FF08-445B-A307-181A1266E8E7}"
EndProject
Global
	GlobalSection(SolutionConfigurationPlatforms) = preSolution
		Debug|Any CPU = Debug|Any CPU
		Release|Any CPU = Release|Any CPU
	EndGlobalSection
	GlobalSection(ProjectConfigurationPlatforms) = postSolution
		{8FC7F71E-FF08-445B-A307-181A1266E8E7}.Debug|Any CPU.ActiveCfg = Debug|Any CPU
		{8FC7F71E-FF08-445B-A307-181A1266E8E7}.Debug|Any CPU.Build.0 = Debug|Any CPU
		{8FC7F71E-FF08-445B-A307-181A1266E8E7}.Release|Any CPU.ActiveCfg = Release|Any CPU
		{8FC7F71E-FF08-445B-A307-181A1266E8E7}.Release|Any CPU.Build.0 = Release|Any CPU
	EndGlobalSection
	GlobalSection(SolutionProperties) = preSolution
		HideSolutionNode = FALSE
	EndGlobalSection
	GlobalSection(ExtensibilityGlobals) = postSolution
		SolutionGuid = {F2DB3742-E83D-47FC-936C-E1A27DE21E61}
	EndGlobalSection
EndGlobal
